# This file is autogenerated, do not edit; changes may be undone by the next 'dep ensure'.


[[projects]]
  name = "github.com/agext/levenshtein"
  packages = ["."]
  revision = "5f10fee965225ac1eecdc234c09daf5cd9e7f7b6"
  version = "v1.2.1"

[[projects]]
  branch = "master"
  name = "github.com/apparentlymart/go-cidr"
  packages = ["cidr"]
  revision = "2bd8b58cf4275aeb086ade613de226773e29e853"

[[projects]]
  branch = "master"
  name = "github.com/apparentlymart/go-textseg"
  packages = ["textseg"]
  revision = "b836f5c4d331d1945a2fead7188db25432d73b69"

[[projects]]
  branch = "master"
  name = "github.com/armon/go-radix"
  packages = ["."]
  revision = "1fca145dffbcaa8fe914309b1ec0cfc67500fe61"

[[projects]]
  name = "github.com/aws/aws-sdk-go"
  packages = [
    "aws",
    "aws/awserr",
    "aws/awsutil",
    "aws/client",
    "aws/client/metadata",
    "aws/corehandlers",
    "aws/credentials",
    "aws/credentials/ec2rolecreds",
    "aws/credentials/endpointcreds",
    "aws/credentials/stscreds",
    "aws/defaults",
    "aws/ec2metadata",
    "aws/endpoints",
    "aws/request",
    "aws/session",
    "aws/signer/v4",
    "internal/shareddefaults",
    "private/protocol",
    "private/protocol/query",
    "private/protocol/query/queryutil",
    "private/protocol/rest",
    "private/protocol/restxml",
    "private/protocol/xml/xmlutil",
    "service/s3",
    "service/sts"
  ]
  revision = "9ed0c8de252f04ac45a65358377103d5a1aa2d92"
  version = "v1.12.66"

[[projects]]
  branch = "master"
  name = "github.com/bgentry/go-netrc"
  packages = ["netrc"]
  revision = "9fd32a8b3d3d3f9d43c341bfe098430e07609480"

[[projects]]
  name = "github.com/bgentry/speakeasy"
  packages = ["."]
  revision = "4aabc24848ce5fd31929f7d1e4ea74d3709c14cd"
  version = "v0.1.0"

[[projects]]
  name = "github.com/blang/semver"
  packages = ["."]
  revision = "2ee87856327ba09384cabd113bc6b5d174e9ec0f"
  version = "v3.5.1"

[[projects]]
  name = "github.com/davecgh/go-spew"
  packages = ["spew"]
  revision = "346938d642f2ec3594ed81d874461961cd0faa76"
  version = "v1.1.0"

[[projects]]
  name = "github.com/go-ini/ini"
  packages = ["."]
  revision = "32e4c1e6bc4e7d0d8451aa6b75200d19e37a536a"
  version = "v1.32.0"

[[projects]]
  branch = "master"
  name = "github.com/golang/protobuf"
  packages = [
    "proto",
    "ptypes",
    "ptypes/any",
    "ptypes/duration",
    "ptypes/timestamp"
  ]
  revision = "1e59b77b52bf8e4b449a57e6f79f21226d571845"

[[projects]]
  branch = "master"
  name = "github.com/hashicorp/errwrap"
  packages = ["."]
  revision = "7554cd9344cec97297fa6649b055a8c98c2a1e55"

[[projects]]
  branch = "master"
  name = "github.com/hashicorp/go-cleanhttp"
  packages = ["."]
  revision = "d5fe4b57a186c716b0e00b8c301cbd9b4182694d"

[[projects]]
  branch = "master"
  name = "github.com/hashicorp/go-getter"
  packages = [
    ".",
    "helper/url"
  ]
  revision = "961f56d2e93379b7d9c578e998d09257509a6f97"

[[projects]]
  branch = "master"
  name = "github.com/hashicorp/go-hclog"
  packages = ["."]
  revision = "ca137eb4b4389c9bc6f1a6d887f056bf16c00510"

[[projects]]
  branch = "master"
  name = "github.com/hashicorp/go-multierror"
  packages = ["."]
  revision = "b7773ae218740a7be65057fc60b366a49b538a44"

[[projects]]
  branch = "master"
  name = "github.com/hashicorp/go-plugin"
  packages = ["."]
  revision = "1fc09c47b843b73705f51ffb0520e3ac1bfecf99"

[[projects]]
  branch = "master"
  name = "github.com/hashicorp/go-uuid"
  packages = ["."]
  revision = "64130c7a86d732268a38cb04cfbaf0cc987fda98"

[[projects]]
  branch = "master"
  name = "github.com/hashicorp/go-version"
  packages = ["."]
  revision = "4fe82ae3040f80a03d04d2cccb5606a626b8e1ee"

[[projects]]
  branch = "master"
  name = "github.com/hashicorp/hcl"
  packages = [
    ".",
    "hcl/ast",
    "hcl/parser",
    "hcl/scanner",
    "hcl/strconv",
    "hcl/token",
    "json/parser",
    "json/scanner",
    "json/token"
  ]
  revision = "23c074d0eceb2b8a5bfdbb271ab780cde70f05a8"

[[projects]]
  branch = "master"
  name = "github.com/hashicorp/hcl2"
  packages = [
    "gohcl",
    "hcl",
    "hcl/hclsyntax",
    "hcl/json",
    "hcldec",
    "hclparse"
  ]
  revision = "613331e829930a2321c1de7227c9483d9c76c3f4"

[[projects]]
  branch = "master"
  name = "github.com/hashicorp/hil"
  packages = [
    ".",
    "ast",
    "parser",
    "scanner"
  ]
  revision = "fa9f258a92500514cc8e9c67020487709df92432"

[[projects]]
  branch = "master"
  name = "github.com/hashicorp/logutils"
  packages = ["."]
  revision = "0dc08b1671f34c4250ce212759ebd880f743d883"

[[projects]]
  name = "github.com/hashicorp/terraform"
  packages = [
    "config",
    "config/configschema",
    "config/hcl2shim",
    "config/module",
    "dag",
    "flatmap",
    "helper/acctest",
    "helper/config",
    "helper/hashcode",
    "helper/hilmapstructure",
    "helper/logging",
    "helper/resource",
    "helper/schema",
    "moduledeps",
    "plugin",
    "plugin/discovery",
    "registry",
    "registry/regsrc",
    "registry/response",
    "svchost",
    "svchost/auth",
    "svchost/disco",
    "terraform",
    "tfdiags",
    "version"
  ]
  revision = "3802b14260603f90c7a1faf55994dcc8933e2069"
  version = "v0.11.3"

[[projects]]
  branch = "master"
  name = "github.com/hashicorp/yamux"
  packages = ["."]
  revision = "683f49123a33db61abfb241b7ac5e4af4dc54d55"

[[projects]]
  name = "github.com/hetznercloud/hcloud-go"
  packages = [
    "hcloud",
    "hcloud/schema"
  ]
  revision = "b37849e439d7a02b07d495f65e7b797bec30eeae"
  version = "v1.4.0"

[[projects]]
  name = "github.com/jmespath/go-jmespath"
  packages = ["."]
  revision = "0b12d6b5"

[[projects]]
  name = "github.com/mattn/go-isatty"
  packages = ["."]
  revision = "0360b2af4f38e8d38c7fce2a9f4e702702d73a39"
  version = "v0.0.3"

[[projects]]
  branch = "master"
  name = "github.com/mitchellh/cli"
  packages = ["."]
  revision = "518dc677a1e1222682f4e7db06721942cb8e9e4c"

[[projects]]
  branch = "master"
  name = "github.com/mitchellh/copystructure"
  packages = ["."]
  revision = "d23ffcb85de31694d6ccaa23ccb4a03e55c1303f"

[[projects]]
  branch = "master"
  name = "github.com/mitchellh/go-homedir"
  packages = ["."]
  revision = "b8bc1bf767474819792c23f32d8286a45736f1c6"

[[projects]]
  branch = "master"
  name = "github.com/mitchellh/go-testing-interface"
  packages = ["."]
  revision = "a61a99592b77c9ba629d254a693acffaeb4b7e28"

[[projects]]
  branch = "master"
  name = "github.com/mitchellh/go-wordwrap"
  packages = ["."]
  revision = "ad45545899c7b13c020ea92b2072220eefad42b8"

[[projects]]
  branch = "master"
  name = "github.com/mitchellh/hashstructure"
  packages = ["."]
  revision = "2bca23e0e452137f789efbc8610126fd8b94f73b"

[[projects]]
  branch = "master"
  name = "github.com/mitchellh/mapstructure"
  packages = ["."]
  revision = "b4575eea38cca1123ec2dc90c26529b5c5acfcff"

[[projects]]
  branch = "master"
  name = "github.com/mitchellh/reflectwalk"
  packages = ["."]
  revision = "63d60e9d0dbc60cf9164e6510889b0db6683d98c"

[[projects]]
  name = "github.com/oklog/run"
  packages = ["."]
  revision = "4dadeb3030eda0273a12382bb2348ffc7c9d1a39"
  version = "v1.0.0"

[[projects]]
  name = "github.com/posener/complete"
  packages = [
    ".",
    "cmd",
    "cmd/install",
    "match"
  ]
  revision = "dc2bc5a81accba8782bebea28628224643a8286a"
  version = "v1.1"

[[projects]]
  name = "github.com/satori/go.uuid"
  packages = ["."]
  revision = "f58768cc1a7a7e77a3bd49e98cdd21419399b6a3"
  version = "v1.2.0"

[[projects]]
  name = "github.com/ulikunitz/xz"
  packages = [
    ".",
    "internal/hash",
    "internal/xlog",
    "lzma"
  ]
  revision = "0c6b41e72360850ca4f98dc341fd999726ea007f"
  version = "v0.5.4"

[[projects]]
  branch = "master"
  name = "github.com/zclconf/go-cty"
  packages = [
    "cty",
    "cty/convert",
    "cty/function",
    "cty/function/stdlib",
    "cty/gocty",
    "cty/json",
    "cty/set"
  ]
  revision = "709e4033eeb037dc543dbc2048065dfb814ce316"

[[projects]]
  branch = "master"
  name = "golang.org/x/crypto"
  packages = [
    "bcrypt",
    "blowfish",
    "cast5",
    "curve25519",
    "ed25519",
    "ed25519/internal/edwards25519",
    "internal/chacha20",
    "openpgp",
    "openpgp/armor",
    "openpgp/elgamal",
    "openpgp/errors",
    "openpgp/packet",
    "openpgp/s2k",
    "poly1305",
    "ssh"
  ]
  revision = "a6600008915114d9c087fad9f03d75087b1a74df"

[[projects]]
  branch = "master"
  name = "golang.org/x/net"
  packages = [
    "context",
    "html",
    "html/atom",
    "http2",
    "http2/hpack",
    "idna",
    "internal/timeseries",
    "lex/httplex",
    "trace"
  ]
  revision = "5ccada7d0a7ba9aeb5d3aca8d3501b4c2a509fec"

[[projects]]
  branch = "master"
  name = "golang.org/x/sys"
  packages = ["unix"]
  revision = "2c42eef0765b9837fbdab12011af7830f55f88f0"

[[projects]]
  branch = "master"
  name = "golang.org/x/text"
  packages = [
    "collate",
    "collate/build",
    "internal/colltab",
    "internal/gen",
    "internal/tag",
    "internal/triegen",
    "internal/ucd",
    "language",
    "secure/bidirule",
    "transform",
    "unicode/bidi",
    "unicode/cldr",
    "unicode/norm",
    "unicode/rangetable"
  ]
  revision = "e19ae1496984b1c655b8044a65c0300a3c878dd3"

[[projects]]
  branch = "master"
  name = "google.golang.org/genproto"
  packages = ["googleapis/rpc/status"]
  revision = "a8101f21cf983e773d0c1133ebc5424792003214"

[[projects]]
  name = "google.golang.org/grpc"
  packages = [
    ".",
    "balancer",
    "balancer/base",
    "balancer/roundrobin",
    "codes",
    "connectivity",
    "credentials",
    "encoding",
    "grpclb/grpc_lb_v1/messages",
    "grpclog",
    "health",
    "health/grpc_health_v1",
    "internal",
    "keepalive",
    "metadata",
    "naming",
    "peer",
    "resolver",
    "resolver/dns",
    "resolver/passthrough",
    "stats",
    "status",
    "tap",
    "transport"
  ]
  revision = "6b51017f791ae1cfbec89c52efdf444b13b550ef"
  version = "v1.9.2"

[solve-meta]
  analyzer-name = "dep"
  analyzer-version = 1
  inputs-digest = "f52a1ad783fa6c8e1621f6009a0a12f5e0515d59d4151e651efdd9e1b3ec531d"
  solver-name = "gps-cdcl"
  solver-version = 1
