# This file is autogenerated, do not edit; changes may be undone by the next 'dep ensure'.


[[projects]]
  digest = "1:61c24bdb660a326b420d5422c4fd124041b4aac88e212c6ac75f3a57b0b9cada"
  name = "github.com/agext/levenshtein"
  packages = ["."]
  pruneopts = ""
  revision = "5f10fee965225ac1eecdc234c09daf5cd9e7f7b6"
  version = "v1.2.1"

[[projects]]
  branch = "master"
  digest = "1:9f81043ecde141c23c6ccbf8ec273c43eaefcaac09d3bcc53fbddd4e180e2f7c"
  name = "github.com/apparentlymart/go-cidr"
  packages = ["cidr"]
  pruneopts = ""
  revision = "2bd8b58cf4275aeb086ade613de226773e29e853"

[[projects]]
  branch = "master"
  digest = "1:ee5a076f487c362d53eacd9442ee2f6656ff3e0739256043d96fac4fccf7b9a2"
  name = "github.com/apparentlymart/go-textseg"
  packages = ["textseg"]
  pruneopts = ""
  revision = "b836f5c4d331d1945a2fead7188db25432d73b69"

[[projects]]
  branch = "master"
  digest = "1:2a1e6af234d7de1ccf4504f397cf7cfa82922ee59b29252e3c34cb38d0b91989"
  name = "github.com/armon/go-radix"
  packages = ["."]
  pruneopts = ""
  revision = "1fca145dffbcaa8fe914309b1ec0cfc67500fe61"

[[projects]]
  digest = "1:b1b9627af19ee54d3ed6b069375f0e91baa4a25267cf3b684e80fdefb17f4719"
  name = "github.com/aws/aws-sdk-go"
  packages = [
    "aws",
    "aws/awserr",
    "aws/awsutil",
    "aws/client",
    "aws/client/metadata",
    "aws/corehandlers",
    "aws/credentials",
    "aws/credentials/ec2rolecreds",
    "aws/credentials/endpointcreds",
    "aws/credentials/stscreds",
    "aws/csm",
    "aws/defaults",
    "aws/ec2metadata",
    "aws/endpoints",
    "aws/request",
    "aws/session",
    "aws/signer/v4",
    "internal/sdkio",
    "internal/sdkrand",
    "internal/sdkuri",
    "internal/shareddefaults",
    "private/protocol",
    "private/protocol/eventstream",
    "private/protocol/eventstream/eventstreamapi",
    "private/protocol/query",
    "private/protocol/query/queryutil",
    "private/protocol/rest",
    "private/protocol/restxml",
    "private/protocol/xml/xmlutil",
    "service/s3",
    "service/sts",
  ]
  pruneopts = ""
  revision = "e2b22a3b42bdad95d52bf59f477bdcd57f38191d"
  version = "v1.15.6"

[[projects]]
  branch = "master"
  digest = "1:98e84060475ed245c3b355042afd43a74aa7d32efe50658f4f995977916f9fc3"
  name = "github.com/bgentry/go-netrc"
  packages = ["netrc"]
  pruneopts = ""
  revision = "9fd32a8b3d3d3f9d43c341bfe098430e07609480"

[[projects]]
  digest = "1:15ceb8ca7a71db4c426d8aef1909ea074f6840efa163490bb2798f475624e4ae"
  name = "github.com/bgentry/speakeasy"
  packages = ["."]
  pruneopts = ""
  revision = "4aabc24848ce5fd31929f7d1e4ea74d3709c14cd"
  version = "v0.1.0"

[[projects]]
  digest = "1:79421244ba5848aae4b0a5c41e633a04e4894cb0b164a219dc8c15ec7facb7f1"
  name = "github.com/blang/semver"
  packages = ["."]
  pruneopts = ""
  revision = "2ee87856327ba09384cabd113bc6b5d174e9ec0f"
  version = "v3.5.1"

[[projects]]
  digest = "1:56c130d885a4aacae1dd9c7b71cfe39912c7ebc1ff7d2b46083c8812996dc43b"
  name = "github.com/davecgh/go-spew"
  packages = ["spew"]
  pruneopts = ""
  revision = "346938d642f2ec3594ed81d874461961cd0faa76"
  version = "v1.1.0"

[[projects]]
  digest = "1:e988ed0ca0d81f4d28772760c02ee95084961311291bdfefc1b04617c178b722"
  name = "github.com/fatih/color"
  packages = ["."]
  pruneopts = ""
  revision = "5b77d2a35fb0ede96d138fc9a99f5c9b6aef11b4"
  version = "v1.7.0"

[[projects]]
  digest = "1:858b7fe7b0f4bc7ef9953926828f2816ea52d01a88d72d1c45bc8c108f23c356"
  name = "github.com/go-ini/ini"
  packages = ["."]
  pruneopts = ""
  revision = "358ee7663966325963d4e8b2e1fbd570c5195153"
  version = "v1.38.1"

[[projects]]
  digest = "1:f958a1c137db276e52f0b50efee41a1a389dcdded59a69711f3e872757dab34b"
  name = "github.com/golang/protobuf"
  packages = [
    "proto",
    "ptypes",
    "ptypes/any",
    "ptypes/duration",
    "ptypes/timestamp",
  ]
  pruneopts = ""
  revision = "b4deda0973fb4c70b50d226b1af49f3da59f5265"
  version = "v1.1.0"

[[projects]]
  branch = "master"
  digest = "1:4fe55793760295fbef367890352b720784243e0ad19b5ee242519a4682bb9ef8"
  name = "github.com/hashicorp/errwrap"
  packages = ["."]
  pruneopts = ""
  revision = "d6c0cd88035724dd42e0f335ae30161c20575ecc"

[[projects]]
  branch = "master"
  digest = "1:f5d25fd7bdda08e39e01193ef94a1ebf7547b1b931bcdec785d08050598f306c"
  name = "github.com/hashicorp/go-cleanhttp"
  packages = ["."]
  pruneopts = ""
  revision = "d5fe4b57a186c716b0e00b8c301cbd9b4182694d"

[[projects]]
  branch = "master"
  digest = "1:8470a3a034ce86ec0519ac3a520a249b07559d54598965578a3820dbfd80cc46"
  name = "github.com/hashicorp/go-getter"
  packages = [
    ".",
    "helper/url",
  ]
  pruneopts = ""
  revision = "a33f09ce9feed989941a4dfe08b3890a0f8aceb9"

[[projects]]
  branch = "master"
  digest = "1:d8d774b09991b54cb044144e750e0f4dafe082ef217dfee5e57f2075f31e3272"
  name = "github.com/hashicorp/go-hclog"
  packages = ["."]
  pruneopts = ""
  revision = "ff2cf002a8dd750586d91dddd4470c341f981fe1"

[[projects]]
  branch = "master"
  digest = "1:0b5ca7d18e4ded1e4dacbb37ff027cb40a80c0fed969e4e03cf7aff129bc1b44"
  name = "github.com/hashicorp/go-multierror"
  packages = ["."]
  pruneopts = ""
  revision = "3d5d8f294aa03d8e98859feac328afbdf1ae0703"

[[projects]]
  branch = "master"
  digest = "1:de20979176f5f326a028fd0d3698f4ec18f6921b46c9d68a35200355c6e8e6b9"
  name = "github.com/hashicorp/go-plugin"
  packages = ["."]
  pruneopts = ""
  revision = "e8d22c780116115ae5624720c9af0c97afe4f551"

[[projects]]
  branch = "master"
  digest = "1:2cf6c60c74eacadd31652674364af55c8d54a86b8ea193548f1c37f8c9af8f9c"
  name = "github.com/hashicorp/go-safetemp"
  packages = ["."]
  pruneopts = ""
  revision = "b1a1dbde6fdc11e3ae79efd9039009e22d4ae240"

[[projects]]
  branch = "master"
  digest = "1:a531cc8f8d78655eaec90f714bf81015badc2bc6682ff1eda3fa03b6568b602b"
  name = "github.com/hashicorp/go-uuid"
  packages = ["."]
  pruneopts = ""
  revision = "27454136f0364f2d44b1276c552d69105cf8c498"

[[projects]]
  branch = "master"
  digest = "1:139bdc2c89779b8ff8b1150be28f889b0ed964e6da96f32cbc9035bd4642881c"
  name = "github.com/hashicorp/go-version"
  packages = ["."]
  pruneopts = ""
  revision = "270f2f71b1ee587f3b609f00f422b76a6b28f348"

[[projects]]
  branch = "master"
  digest = "1:9b7c5846d70f425d7fe279595e32a20994c6075e87be03b5c367ed07280877c5"
  name = "github.com/hashicorp/hcl"
  packages = [
    ".",
    "hcl/ast",
    "hcl/parser",
    "hcl/scanner",
    "hcl/strconv",
    "hcl/token",
    "json/parser",
    "json/scanner",
    "json/token",
  ]
  pruneopts = ""
  revision = "ef8a98b0bbce4a65b5aa4c368430a80ddc533168"

[[projects]]
  branch = "master"
  digest = "1:3249ad31e1cc5215c82bfb2f19d39bc90465b96eeb4df4ce1c8699da9ff44f75"
  name = "github.com/hashicorp/hcl2"
  packages = [
    "gohcl",
    "hcl",
    "hcl/hclsyntax",
    "hcl/json",
    "hcldec",
    "hclparse",
  ]
  pruneopts = ""
  revision = "77c0b55a597ce9ff855c699dba2a99c1632690e1"

[[projects]]
  branch = "master"
  digest = "1:f63bbfd54a9ebe0f15cd6597d58f404874fd20739faf56170879767db2fe69dc"
  name = "github.com/hashicorp/hil"
  packages = [
    ".",
    "ast",
    "parser",
    "scanner",
  ]
  pruneopts = ""
  revision = "fa9f258a92500514cc8e9c67020487709df92432"

[[projects]]
  branch = "master"
  digest = "1:8b7dd3b581147b44cf522c66894b9119ab845c346d8f124d83f77ab499cf7ca3"
  name = "github.com/hashicorp/logutils"
  packages = ["."]
  pruneopts = ""
  revision = "0dc08b1671f34c4250ce212759ebd880f743d883"

[[projects]]
  digest = "1:3706ce570a62d23a1ad087cda9fa52c086c25f34ba23dfc3a3350eb2d32337ce"
  name = "github.com/hashicorp/terraform"
  packages = [
    "config",
    "config/configschema",
    "config/hcl2shim",
    "config/module",
    "dag",
    "flatmap",
    "helper/acctest",
    "helper/config",
    "helper/hashcode",
    "helper/hilmapstructure",
    "helper/logging",
    "helper/resource",
    "helper/schema",
    "httpclient",
    "moduledeps",
    "plugin",
    "plugin/discovery",
    "registry",
    "registry/regsrc",
    "registry/response",
    "svchost",
    "svchost/auth",
    "svchost/disco",
    "terraform",
    "tfdiags",
    "version",
  ]
  pruneopts = ""
  revision = "41e50bd32a8825a84535e353c3674af8ce799161"
  version = "v0.11.7"

[[projects]]
  branch = "master"
  digest = "1:502c6c45a693da0396113cf025f65da5c9ad15c542328cfbc8c4663a10cc707d"
  name = "github.com/hashicorp/yamux"
  packages = ["."]
  pruneopts = ""
  revision = "3520598351bb3500a49ae9563f5539666ae0a27c"

[[projects]]
  digest = "1:a8aa6f23645cab7b79cd08119ac0ff5bebc52e8eb95f1a4a2028b3c97ef97714"
  name = "github.com/hetznercloud/hcloud-go"
  packages = [
    "hcloud",
    "hcloud/schema",
  ]
  pruneopts = ""
  revision = "ecee721a51a772254d0104bf4d796358e40d6bbd"
  version = "v1.12.0"

[[projects]]
  digest = "1:6f49eae0c1e5dab1dafafee34b207aeb7a42303105960944828c2079b92fc88e"
  name = "github.com/jmespath/go-jmespath"
  packages = ["."]
  pruneopts = ""
  revision = "0b12d6b5"

[[projects]]
  digest = "1:9ea83adf8e96d6304f394d40436f2eb44c1dc3250d223b74088cc253a6cd0a1c"
  name = "github.com/mattn/go-colorable"
  packages = ["."]
  pruneopts = ""
  revision = "167de6bfdfba052fa6b2d3664c8f5272e23c9072"
  version = "v0.0.9"

[[projects]]
  digest = "1:78229b46ddb7434f881390029bd1af7661294af31f6802e0e1bedaad4ab0af3c"
  name = "github.com/mattn/go-isatty"
  packages = ["."]
  pruneopts = ""
  revision = "0360b2af4f38e8d38c7fce2a9f4e702702d73a39"
  version = "v0.0.3"

[[projects]]
  branch = "master"
  digest = "1:c19de0f21aaba831da9f1d29f6cb16e2a6e9cb4d9df0346dcd2ed25562bd52aa"
  name = "github.com/mitchellh/cli"
  packages = ["."]
  pruneopts = ""
  revision = "c48282d14eba4b0817ddef3f832ff8d13851aefd"

[[projects]]
  branch = "master"
  digest = "1:ae14aee05347b333fd7ab0c801c789438ef559cfb1307b53d5c42ea3cf6d61b6"
  name = "github.com/mitchellh/copystructure"
  packages = ["."]
  pruneopts = ""
  revision = "d23ffcb85de31694d6ccaa23ccb4a03e55c1303f"

[[projects]]
  branch = "master"
  digest = "1:83854f6b1d2ce047b69657e3a87ba7602f4c5505e8bdfd02ab857db8e983bde1"
  name = "github.com/mitchellh/go-homedir"
  packages = ["."]
  pruneopts = ""
  revision = "58046073cbffe2f25d425fe1331102f55cf719de"

[[projects]]
  branch = "master"
  digest = "1:51c98e2c9a8d0a724a69f46421876af14e12132cb02f1d0e144785d752247162"
  name = "github.com/mitchellh/go-testing-interface"
  packages = ["."]
  pruneopts = ""
  revision = "a61a99592b77c9ba629d254a693acffaeb4b7e28"

[[projects]]
  branch = "master"
  digest = "1:1856ee5a608d9e93667ac7811fc6360e2a9cae3ada938b3f13016c578b6d5f6e"
  name = "github.com/mitchellh/go-wordwrap"
  packages = ["."]
  pruneopts = ""
  revision = "ad45545899c7b13c020ea92b2072220eefad42b8"

[[projects]]
  branch = "master"
  digest = "1:0de0f377aeccd41384e883c59c6f184c9db01c96db33a2724a1eaadd60f92629"
  name = "github.com/mitchellh/hashstructure"
  packages = ["."]
  pruneopts = ""
  revision = "2bca23e0e452137f789efbc8610126fd8b94f73b"

[[projects]]
  branch = "master"
  digest = "1:f43ed2c836208c14f45158fd01577c985688a4d11cf9fd475a939819fef3b321"
  name = "github.com/mitchellh/mapstructure"
  packages = ["."]
  pruneopts = ""
  revision = "f15292f7a699fcc1a38a80977f80a046874ba8ac"

[[projects]]
  branch = "master"
  digest = "1:a5aebbd13aa160140a1fd1286b94cd8c6ba3d1522014fd04508d7f36d5bb8d19"
  name = "github.com/mitchellh/reflectwalk"
  packages = ["."]
  pruneopts = ""
  revision = "63d60e9d0dbc60cf9164e6510889b0db6683d98c"

[[projects]]
  digest = "1:94e9081cc450d2cdf4e6886fc2c06c07272f86477df2d74ee5931951fa3d2577"
  name = "github.com/oklog/run"
  packages = ["."]
  pruneopts = ""
  revision = "4dadeb3030eda0273a12382bb2348ffc7c9d1a39"
  version = "v1.0.0"

[[projects]]
  digest = "1:4650725ab926191abdcf83e08173c48c4aeda41a89765b4f51dd4e1979d10648"
  name = "github.com/posener/complete"
  packages = [
    ".",
    "cmd",
    "cmd/install",
    "match",
  ]
  pruneopts = ""
  revision = "98eb9847f27ba2008d380a32c98be474dea55bdf"
  version = "v1.1.1"

[[projects]]
  digest = "1:ee723e6a1962a196eeba1b24f82af61a4f60f8821d7aa96d48e787f8337bcffc"
  name = "github.com/ulikunitz/xz"
  packages = [
    ".",
    "internal/hash",
    "internal/xlog",
    "lzma",
  ]
  pruneopts = ""
  revision = "0c6b41e72360850ca4f98dc341fd999726ea007f"
  version = "v0.5.4"

[[projects]]
  branch = "master"
  digest = "1:0e8c12403d44a368c9ae2e9601dabdeac8044a0b02411db255542bcb3d02d135"
  name = "github.com/zclconf/go-cty"
  packages = [
    "cty",
    "cty/convert",
    "cty/function",
    "cty/function/stdlib",
    "cty/gocty",
    "cty/json",
    "cty/set",
  ]
  pruneopts = ""
  revision = "02bd58e97b5759d478019c5a6333edbfdfed16a0"

[[projects]]
  branch = "master"
  digest = "1:53c4b75f22ea7757dea07eae380ea42de547ae6865a5e3b41866754a8a8219c9"
  name = "golang.org/x/crypto"
  packages = [
    "bcrypt",
    "blowfish",
    "cast5",
    "curve25519",
    "ed25519",
    "ed25519/internal/edwards25519",
    "internal/chacha20",
    "internal/subtle",
    "openpgp",
    "openpgp/armor",
    "openpgp/elgamal",
    "openpgp/errors",
    "openpgp/packet",
    "openpgp/s2k",
    "poly1305",
    "ssh",
  ]
  pruneopts = ""
  revision = "f027049dab0ad238e394a753dba2d14753473a04"

[[projects]]
  branch = "master"
  digest = "1:b970d5e8b11b4c8927a06298566eb8daf66a009702688b4142cc2a961e374e91"
  name = "golang.org/x/net"
  packages = [
    "context",
    "html",
    "html/atom",
    "http/httpguts",
    "http2",
    "http2/hpack",
    "idna",
    "internal/timeseries",
    "trace",
  ]
  pruneopts = ""
  revision = "f4c29de78a2a91c00474a2e689954305c350adf9"

[[projects]]
  branch = "master"
  digest = "1:41e7b97b66e984325fed9d6cd43ca9e2efdd3c711980916ad444667d633f13f1"
  name = "golang.org/x/sys"
  packages = ["unix"]
  pruneopts = ""
  revision = "2be389f392cd91df245b41638f818a1c041f0c08"

[[projects]]
  digest = "1:5acd3512b047305d49e8763eef7ba423901e85d5dd2fd1e71778a0ea8de10bd4"
  name = "golang.org/x/text"
  packages = [
    "collate",
    "collate/build",
    "internal/colltab",
    "internal/gen",
    "internal/tag",
    "internal/triegen",
    "internal/ucd",
    "language",
    "secure/bidirule",
    "transform",
    "unicode/bidi",
    "unicode/cldr",
    "unicode/norm",
    "unicode/rangetable",
  ]
  pruneopts = ""
  revision = "f21a4dfb5e38f5895301dc265a8def02365cc3d0"
  version = "v0.3.0"

[[projects]]
  branch = "master"
  digest = "1:c7ecd434ece8887311c33ea3c731e2fb42f43092a43545e350b493b9dcb023b2"
  name = "google.golang.org/genproto"
  packages = ["googleapis/rpc/status"]
  pruneopts = ""
  revision = "daca94659cb50e9f37c1b834680f2e46358f10b0"

[[projects]]
  digest = "1:ca75b3775a5d4e5d1fb48f57ef0865b4aaa8b3f00e6b52be68db991c4594e0a7"
  name = "google.golang.org/grpc"
  packages = [
    ".",
    "balancer",
    "balancer/base",
    "balancer/roundrobin",
    "codes",
    "connectivity",
    "credentials",
    "encoding",
    "encoding/proto",
    "grpclog",
    "health",
    "health/grpc_health_v1",
    "internal",
    "internal/backoff",
    "internal/channelz",
    "internal/envconfig",
    "internal/grpcrand",
    "internal/transport",
    "keepalive",
    "metadata",
    "naming",
    "peer",
    "resolver",
    "resolver/dns",
    "resolver/passthrough",
    "stats",
    "status",
    "tap",
  ]
  pruneopts = ""
  revision = "32fb0ac620c32ba40a4626ddf94d90d12cce3455"
  version = "v1.14.0"

[solve-meta]
  analyzer-name = "dep"
  analyzer-version = 1
  input-imports = [
    "github.com/hashicorp/terraform/helper/acctest",
    "github.com/hashicorp/terraform/helper/resource",
    "github.com/hashicorp/terraform/helper/schema",
    "github.com/hashicorp/terraform/plugin",
    "github.com/hashicorp/terraform/terraform",
    "github.com/hetznercloud/hcloud-go/hcloud",
    "golang.org/x/crypto/ssh",
  ]
  solver-name = "gps-cdcl"
  solver-version = 1
